
Microsoft Visual Studio Solution File, Format Version 12.00
# Visual Studio Version 17
VisualStudioVersion = 17.8.34525.116
MinimumVisualStudioVersion = 10.0.40219.1
Project("{FAE04EC0-301F-11D3-BF4B-00C04F79EFBC}") = "PruebaTecnica02FJMA", "PruebaTecnica02FJMA\PruebaTecnica02FJMA.csproj", "{11F30296-33A7-4165-9F14-E283B5E324F8}"
EndProject
Global
	GlobalSection(SolutionConfigurationPlatforms) = preSolution
		Debug|Any CPU = Debug|Any CPU
		Release|Any CPU = Release|Any CPU
	EndGlobalSection
	GlobalSection(ProjectConfigurationPlatforms) = postSolution
		{11F30296-33A7-4165-9F14-E283B5E324F8}.Debug|Any CPU.ActiveCfg = Debug|Any CPU
		{11F30296-33A7-4165-9F14-E283B5E324F8}.Debug|Any CPU.Build.0 = Debug|Any CPU
		{11F30296-33A7-4165-9F14-E283B5E324F8}.Release|Any CPU.ActiveCfg = Release|Any CPU
		{11F30296-33A7-4165-9F14-E283B5E324F8}.Release|Any CPU.Build.0 = Release|Any CPU
	EndGlobalSection
	GlobalSection(SolutionProperties) = preSolution
		HideSolutionNode = FALSE
	EndGlobalSection
	GlobalSection(ExtensibilityGlobals) = postSolution
		SolutionGuid = {FB0FDD26-E2B8-4318-9D2E-37BDA8FEE4B4}
	EndGlobalSection
EndGlobal
